
Microsoft Visual Studio Solution File, Format Version 12.00
# Visual Studio Version 17
VisualStudioVersion = 17.7.34031.279
MinimumVisualStudioVersion = 10.0.40219.1
Project("{FAE04EC0-301F-11D3-BF4B-00C04F79EFBC}") = "AssistedProject22", "AssistedProject22.csproj", "{E0A37404-B5DD-4DD3-9A5B-4B58D79E0C12}"
EndProject
Global
	GlobalSection(SolutionConfigurationPlatforms) = preSolution
		Debug|Any CPU = Debug|Any CPU
		Release|Any CPU = Release|Any CPU
	EndGlobalSection
	GlobalSection(ProjectConfigurationPlatforms) = postSolution
		{E0A37404-B5DD-4DD3-9A5B-4B58D79E0C12}.Debug|Any CPU.ActiveCfg = Debug|Any CPU
		{E0A37404-B5DD-4DD3-9A5B-4B58D79E0C12}.Debug|Any CPU.Build.0 = Debug|Any CPU
		{E0A37404-B5DD-4DD3-9A5B-4B58D79E0C12}.Release|Any CPU.ActiveCfg = Release|Any CPU
		{E0A37404-B5DD-4DD3-9A5B-4B58D79E0C12}.Release|Any CPU.Build.0 = Release|Any CPU
	EndGlobalSection
	GlobalSection(SolutionProperties) = preSolution
		HideSolutionNode = FALSE
	EndGlobalSection
	GlobalSection(ExtensibilityGlobals) = postSolution
		SolutionGuid = {9D6C90BA-CB76-4FD9-874E-6D87FAC63BCF}
	EndGlobalSection
EndGlobal
